dependencies:
- name: redis
  repository: https://charts.bitnami.com/bitnami
  version: 18.7.1
- name: mariadb
  repository: https://charts.bitnami.com/bitnami
  version: 16.5.0
digest: sha256:ec81390bef264893434a7317a3c99f8322c641565f3fd95add331d00434a968e
generated: "2024-03-06T10:07:42.392613292Z"
