dependencies:
- name: redis
  repository: https://charts.bitnami.com/bitnami
  version: 18.7.1
- name: mariadb
  repository: https://charts.bitnami.com/bitnami
  version: 20.4.0
digest: sha256:cdae5837b49befe651cbeb8614edcdb33d00d029b045581c8d62a68910f5d53a
generated: "2025-02-24T20:55:55.075927734Z"
